{
  "name": "enohacker",
  "version": "0.0.1",
  "lockfileVersion": 3,
  "requires": true,
  "packages": {
    "": {
      "name": "enohacker",
      "version": "0.0.1",
      "dependencies": {
        "@mariozechner/pi-coding-agent": "file:../pi-mono/packages/coding-agent"
      },
      "devDependencies": {
        "@types/node": "^18.0.0",
        "@types/vscode": "^1.80.0",
        "typescript": "^5.9.0"
      },
      "engines": {
        "vscode": "^1.80.0"
      }
    },
    "../pi-mono/packages/coding-agent": {
      "name": "@mariozechner/pi-coding-agent",
      "version": "0.56.2",
      "license": "MIT",
      "dependencies": {
        "@mariozechner/jiti": "^2.6.2",
        "@mariozechner/pi-agent-core": "^0.56.2",
        "@mariozechner/pi-ai": "^0.56.2",
        "@mariozechner/pi-tui": "^0.56.2",
        "@silvia-odwyer/photon-node": "^0.3.4",
        "chalk": "^5.5.0",
        "cli-highlight": "^2.1.11",
        "diff": "^8.0.2",
        "extract-zip": "^2.0.1",
        "file-type": "^21.1.1",
        "glob": "^13.0.1",
        "hosted-git-info": "^9.0.2",
        "ignore": "^7.0.5",
        "marked": "^15.0.12",
        "minimatch": "^10.2.3",
        "proper-lockfile": "^4.1.2",
        "strip-ansi": "^7.1.0",
        "undici": "^7.19.1",
        "yaml": "^2.8.2"
      },
      "bin": {
        "pi": "dist/cli.js"
      },
      "devDependencies": {
        "@types/diff": "^7.0.2",
        "@types/hosted-git-info": "^3.0.5",
        "@types/ms": "^2.1.0",
        "@types/node": "^24.3.0",
        "@types/proper-lockfile": "^4.1.4",
        "shx": "^0.4.0",
        "typescript": "^5.7.3",
        "vitest": "^3.2.4"
      },
      "engines": {
        "node": ">=20.6.0"
      },
      "optionalDependencies": {
        "@mariozechner/clipboard": "^0.3.2"
      }
    },
    "node_modules/@mariozechner/pi-coding-agent": {
      "resolved": "../pi-mono/packages/coding-agent",
      "link": true
    },
    "node_modules/@types/node": {
      "version": "18.19.130",
      "resolved": "https://registry.npmjs.org/@types/node/-/node-18.19.130.tgz",
      "integrity": "sha512-GRaXQx6jGfL8sKfaIDD6OupbIHBr9jv7Jnaml9tB7l4v068PAOXqfcujMMo5PhbIs6ggR1XODELqahT2R8v0fg==",
      "dev": true,
      "license": "MIT",
      "dependencies": {
        "undici-types": "~5.26.4"
      }
    },
    "node_modules/@types/vscode": {
      "version": "1.109.0",
      "resolved": "https://registry.npmjs.org/@types/vscode/-/vscode-1.109.0.tgz",
      "integrity": "sha512-0Pf95rnwEIwDbmXGC08r0B4TQhAbsHQ5UyTIgVgoieDe4cOnf92usuR5dEczb6bTKEp7ziZH4TV1TRGPPCExtw==",
      "dev": true,
      "license": "MIT"
    },
    "node_modules/typescript": {
      "version": "5.9.3",
      "resolved": "https://registry.npmjs.org/typescript/-/typescript-5.9.3.tgz",
      "integrity": "sha512-jl1vZzPDinLr9eUt3J/t7V6FgNEw9QjvBPdysz9KfQDD41fQrC2Y4vKQdiaUpFT4bXlb1RHhLpp8wtm6M5TgSw==",
      "dev": true,
      "license": "Apache-2.0",
      "bin": {
        "tsc": "bin/tsc",
        "tsserver": "bin/tsserver"
      },
      "engines": {
        "node": ">=14.17"
      }
    },
    "node_modules/undici-types": {
      "version": "5.26.5",
      "resolved": "https://registry.npmjs.org/undici-types/-/undici-types-5.26.5.tgz",
      "integrity": "sha512-JlCMO+ehdEIKqlFxk6IfVoAUVmgz7cU7zD/h9XZ0qzeosSHmUJVOzSQvvYSYWXkFXC+IfLKSIffhv0sVZup6pA==",
      "dev": true,
      "license": "MIT"
    }
  }
}
